// !$*UTF8*$!
{
	archiveVersion = 1;
	classes = {
	};
	objectVersion = 77;
	objects = {

/* Begin PBXContainerItemProxy section */
		DFBCB85A2D6A7E0D0040620C /* PBXContainerItemProxy */ = {
			isa = PBXContainerItemProxy;
			containerPortal = DFBCB83F2D6A7E0B0040620C /* Project object */;
			proxyType = 1;
			remoteGlobalIDString = DFBCB8462D6A7E0B0040620C;
			remoteInfo = "Wikipedia iProject";
		};
		DFBCB8642D6A7E0D0040620C /* PBXContainerItemProxy */ = {
			isa = PBXContainerItemProxy;
			containerPortal = DFBCB83F2D6A7E0B0040620C /* Project object */;
			proxyType = 1;
			remoteGlobalIDString = DFBCB8462D6A7E0B0040620C;
			remoteInfo = "Wikipedia iProject";
		};
/* End PBXContainerItemProxy section */

/* Begin PBXFileReference section */
		DFBCB8472D6A7E0B0040620C /* Wikipedia iProject.app */ = {isa = PBXFileReference; explicitFileType = wrapper.application; includeInIndex = 0; path = "Wikipedia iProject.app"; sourceTree = BUILT_PRODUCTS_DIR; };
		DFBCB8592D6A7E0D0040620C /* Wikipedia iProjectTests.xctest */ = {isa = PBXFileReference; explicitFileType = wrapper.cfbundle; includeInIndex = 0; path = "Wikipedia iProjectTests.xctest"; sourceTree = BUILT_PRODUCTS_DIR; };
		DFBCB8632D6A7E0D0040620C /* Wikipedia iProjectUITests.xctest */ = {isa = PBXFileReference; explicitFileType = wrapper.cfbundle; includeInIndex = 0; path = "Wikipedia iProjectUITests.xctest"; sourceTree = BUILT_PRODUCTS_DIR; };
/* End PBXFileReference section */

/* Begin PBXFileSystemSynchronizedRootGroup section */
		DFBCB8492D6A7E0B0040620C /* Wikipedia iProject */ = {
			isa = PBXFileSystemSynchronizedRootGroup;
			path = "Wikipedia iProject";
			sourceTree = "<group>";
		};
		DFBCB85C2D6A7E0D0040620C /* Wikipedia iProjectTests */ = {
			isa = PBXFileSystemSynchronizedRootGroup;
			path = "Wikipedia iProjectTests";
			sourceTree = "<group>";
		};
		DFBCB8662D6A7E0D0040620C /* Wikipedia iProjectUITests */ = {
			isa = PBXFileSystemSynchronizedRootGroup;
			path = "Wikipedia iProjectUITests";
			sourceTree = "<group>";
		};
/* End PBXFileSystemSynchronizedRootGroup section */

/* Begin PBXFrameworksBuildPhase section */
		DFBCB8442D6A7E0B0040620C /* Frameworks */ = {
			isa = PBXFrameworksBuildPhase;
			buildActionMask = 2147483647;
			files = (
			);
			runOnlyForDeploymentPostprocessing = 0;
		};
		DFBCB8562D6A7E0D0040620C /* Frameworks */ = {
			isa = PBXFrameworksBuildPhase;
			buildActionMask = 2147483647;
			files = (
			);
			runOnlyForDeploymentPostprocessing = 0;
		};
		DFBCB8602D6A7E0D0040620C /* Frameworks */ = {
			isa = PBXFrameworksBuildPhase;
			buildActionMask = 2147483647;
			files = (
			);
			runOnlyForDeploymentPostprocessing = 0;
		};
/* End PBXFrameworksBuildPhase section */

/* Begin PBXGroup section */
		DFBCB83E2D6A7E0B0040620C = {
			isa = PBXGroup;
			children = (
				DFBCB8492D6A7E0B0040620C /* Wikipedia iProject */,
				DFBCB85C2D6A7E0D0040620C /* Wikipedia iProjectTests */,
				DFBCB8662D6A7E0D0040620C /* Wikipedia iProjectUITests */,
				DFBCB8482D6A7E0B0040620C /* Products */,
			);
			sourceTree = "<group>";
		};
		DFBCB8482D6A7E0B0040620C /* Products */ = {
			isa = PBXGroup;
			children = (
				DFBCB8472D6A7E0B0040620C /* Wikipedia iProject.app */,
				DFBCB8592D6A7E0D0040620C /* Wikipedia iProjectTests.xctest */,
				DFBCB8632D6A7E0D0040620C /* Wikipedia iProjectUITests.xctest */,
			);
			name = Products;
			sourceTree = "<group>";
		};
/* End PBXGroup section */

/* Begin PBXNativeTarget section */
		DFBCB8462D6A7E0B0040620C /* Wikipedia iProject */ = {
			isa = PBXNativeTarget;
			buildConfigurationList = DFBCB86D2D6A7E0D0040620C /* Build configuration list for PBXNativeTarget "Wikipedia iProject" */;
			buildPhases = (
				DFBCB8432D6A7E0B0040620C /* Sources */,
				DFBCB8442D6A7E0B0040620C /* Frameworks */,
				DFBCB8452D6A7E0B0040620C /* Resources */,
			);
			buildRules = (
			);
			dependencies = (
			);
			fileSystemSynchronizedGroups = (
				DFBCB8492D6A7E0B0040620C /* Wikipedia iProject */,
			);
			name = "Wikipedia iProject";
			packageProductDependencies = (
			);
			productName = "Wikipedia iProject";
			productReference = DFBCB8472D6A7E0B0040620C /* Wikipedia iProject.app */;
			productType = "com.apple.product-type.application";
		};
		DFBCB8582D6A7E0D0040620C /* Wikipedia iProjectTests */ = {
			isa = PBXNativeTarget;
			buildConfigurationList = DFBCB8702D6A7E0D0040620C /* Build configuration list for PBXNativeTarget "Wikipedia iProjectTests" */;
			buildPhases = (
				DFBCB8552D6A7E0D0040620C /* Sources */,
				DFBCB8562D6A7E0D0040620C /* Frameworks */,
				DFBCB8572D6A7E0D0040620C /* Resources */,
			);
			buildRules = (
			);
			dependencies = (
				DFBCB85B2D6A7E0D0040620C /* PBXTargetDependency */,
			);
			fileSystemSynchronizedGroups = (
				DFBCB85C2D6A7E0D0040620C /* Wikipedia iProjectTests */,
			);
			name = "Wikipedia iProjectTests";
			packageProductDependencies = (
			);
			productName = "Wikipedia iProjectTests";
			productReference = DFBCB8592D6A7E0D0040620C /* Wikipedia iProjectTests.xctest */;
			productType = "com.apple.product-type.bundle.unit-test";
		};
		DFBCB8622D6A7E0D0040620C /* Wikipedia iProjectUITests */ = {
			isa = PBXNativeTarget;
			buildConfigurationList = DFBCB8732D6A7E0D0040620C /* Build configuration list for PBXNativeTarget "Wikipedia iProjectUITests" */;
			buildPhases = (
				DFBCB85F2D6A7E0D0040620C /* Sources */,
				DFBCB8602D6A7E0D0040620C /* Frameworks */,
				DFBCB8612D6A7E0D0040620C /* Resources */,
			);
			buildRules = (
			);
			dependencies = (
				DFBCB8652D6A7E0D0040620C /* PBXTargetDependency */,
			);
			fileSystemSynchronizedGroups = (
				DFBCB8662D6A7E0D0040620C /* Wikipedia iProjectUITests */,
			);
			name = "Wikipedia iProjectUITests";
			packageProductDependencies = (
			);
			productName = "Wikipedia iProjectUITests";
			productReference = DFBCB8632D6A7E0D0040620C /* Wikipedia iProjectUITests.xctest */;
			productType = "com.apple.product-type.bundle.ui-testing";
		};
/* End PBXNativeTarget section */

/* Begin PBXProject section */
		DFBCB83F2D6A7E0B0040620C /* Project object */ = {
			isa = PBXProject;
			attributes = {
				BuildIndependentTargetsInParallel = 1;
				LastSwiftUpdateCheck = 1620;
				LastUpgradeCheck = 1620;
				TargetAttributes = {
					DFBCB8462D6A7E0B0040620C = {
						CreatedOnToolsVersion = 16.2;
					};
					DFBCB8582D6A7E0D0040620C = {
						CreatedOnToolsVersion = 16.2;
						TestTargetID = DFBCB8462D6A7E0B0040620C;
					};
					DFBCB8622D6A7E0D0040620C = {
						CreatedOnToolsVersion = 16.2;
						TestTargetID = DFBCB8462D6A7E0B0040620C;
					};
				};
			};
			buildConfigurationList = DFBCB8422D6A7E0B0040620C /* Build configuration list for PBXProject "Wikipedia iProject" */;
			developmentRegion = en;
			hasScannedForEncodings = 0;
			knownRegions = (
				en,
				Base,
			);
			mainGroup = DFBCB83E2D6A7E0B0040620C;
			minimizedProjectReferenceProxies = 1;
			preferredProjectObjectVersion = 77;
			productRefGroup = DFBCB8482D6A7E0B0040620C /* Products */;
			projectDirPath = "";
			projectRoot = "";
			targets = (
				DFBCB8462D6A7E0B0040620C /* Wikipedia iProject */,
				DFBCB8582D6A7E0D0040620C /* Wikipedia iProjectTests */,
				DFBCB8622D6A7E0D0040620C /* Wikipedia iProjectUITests */,
			);
		};
/* End PBXProject section */

/* Begin PBXResourcesBuildPhase section */
		DFBCB8452D6A7E0B0040620C /* Resources */ = {
			isa = PBXResourcesBuildPhase;
			buildActionMask = 2147483647;
			files = (
			);
			runOnlyForDeploymentPostprocessing = 0;
		};
		DFBCB8572D6A7E0D0040620C /* Resources */ = {
			isa = PBXResourcesBuildPhase;
			buildActionMask = 2147483647;
			files = (
			);
			runOnlyForDeploymentPostprocessing = 0;
		};
		DFBCB8612D6A7E0D0040620C /* Resources */ = {
			isa = PBXResourcesBuildPhase;
			buildActionMask = 2147483647;
			files = (
			);
			runOnlyForDeploymentPostprocessing = 0;
		};
/* End PBXResourcesBuildPhase section */

/* Begin PBXSourcesBuildPhase section */
		DFBCB8432D6A7E0B0040620C /* Sources */ = {
			isa = PBXSourcesBuildPhase;
			buildActionMask = 2147483647;
			files = (
			);
			runOnlyForDeploymentPostprocessing = 0;
		};
		DFBCB8552D6A7E0D0040620C /* Sources */ = {
			isa = PBXSourcesBuildPhase;
			buildActionMask = 2147483647;
			files = (
			);
			runOnlyForDeploymentPostprocessing = 0;
		};
		DFBCB85F2D6A7E0D0040620C /* Sources */ = {
			isa = PBXSourcesBuildPhase;
			buildActionMask = 2147483647;
			files = (
			);
			runOnlyForDeploymentPostprocessing = 0;
		};
/* End PBXSourcesBuildPhase section */

/* Begin PBXTargetDependency section */
		DFBCB85B2D6A7E0D0040620C /* PBXTargetDependency */ = {
			isa = PBXTargetDependency;
			target = DFBCB8462D6A7E0B0040620C /* Wikipedia iProject */;
			targetProxy = DFBCB85A2D6A7E0D0040620C /* PBXContainerItemProxy */;
		};
		DFBCB8652D6A7E0D0040620C /* PBXTargetDependency */ = {
			isa = PBXTargetDependency;
			target = DFBCB8462D6A7E0B0040620C /* Wikipedia iProject */;
			targetProxy = DFBCB8642D6A7E0D0040620C /* PBXContainerItemProxy */;
		};
/* End PBXTargetDependency section */

/* Begin XCBuildConfiguration section */
		DFBCB86B2D6A7E0D0040620C /* Debug */ = {
			isa = XCBuildConfiguration;
			buildSettings = {
				ALWAYS_SEARCH_USER_PATHS = NO;
				ASSETCATALOG_COMPILER_GENERATE_SWIFT_ASSET_SYMBOL_EXTENSIONS = YES;
				CLANG_ANALYZER_NONNULL = YES;
				CLANG_ANALYZER_NUMBER_OBJECT_CONVERSION = YES_AGGRESSIVE;
				CLANG_CXX_LANGUAGE_STANDARD = "gnu++20";
				CLANG_ENABLE_MODULES = YES;
				CLANG_ENABLE_OBJC_ARC = YES;
				CLANG_ENABLE_OBJC_WEAK = YES;
				CLANG_WARN_BLOCK_CAPTURE_AUTORELEASING = YES;
				CLANG_WARN_BOOL_CONVERSION = YES;
				CLANG_WARN_COMMA = YES;
				CLANG_WARN_CONSTANT_CONVERSION = YES;
				CLANG_WARN_DEPRECATED_OBJC_IMPLEMENTATIONS = YES;
				CLANG_WARN_DIRECT_OBJC_ISA_USAGE = YES_ERROR;
				CLANG_WARN_DOCUMENTATION_COMMENTS = YES;
				CLANG_WARN_EMPTY_BODY = YES;
				CLANG_WARN_ENUM_CONVERSION = YES;
				CLANG_WARN_INFINITE_RECURSION = YES;
				CLANG_WARN_INT_CONVERSION = YES;
				CLANG_WARN_NON_LITERAL_NULL_CONVERSION = YES;
				CLANG_WARN_OBJC_IMPLICIT_RETAIN_SELF = YES;
				CLANG_WARN_OBJC_LITERAL_CONVERSION = YES;
				CLANG_WARN_OBJC_ROOT_CLASS = YES_ERROR;
				CLANG_WARN_QUOTED_INCLUDE_IN_FRAMEWORK_HEADER = YES;
				CLANG_WARN_RANGE_LOOP_ANALYSIS = YES;
				CLANG_WARN_STRICT_PROTOTYPES = YES;
				CLANG_WARN_SUSPICIOUS_MOVE = YES;
				CLANG_WARN_UNGUARDED_AVAILABILITY = YES_AGGRESSIVE;
				CLANG_WARN_UNREACHABLE_CODE = YES;
				CLANG_WARN__DUPLICATE_METHOD_MATCH = YES;
				COPY_PHASE_STRIP = NO;
				DEBUG_INFORMATION_FORMAT = dwarf;
				ENABLE_STRICT_OBJC_MSGSEND = YES;
				ENABLE_TESTABILITY = YES;
				ENABLE_USER_SCRIPT_SANDBOXING = YES;
				GCC_C_LANGUAGE_STANDARD = gnu17;
				GCC_DYNAMIC_NO_PIC = NO;
				GCC_NO_COMMON_BLOCKS = YES;
				GCC_OPTIMIZATION_LEVEL = 0;
				GCC_PREPROCESSOR_DEFINITIONS = (
					"DEBUG=1",
					"$(inherited)",
				);
				GCC_WARN_64_TO_32_BIT_CONVERSION = YES;
				GCC_WARN_ABOUT_RETURN_TYPE = YES_ERROR;
				GCC_WARN_UNDECLARED_SELECTOR = YES;
				GCC_WARN_UNINITIALIZED_AUTOS = YES_AGGRESSIVE;
				GCC_WARN_UNUSED_FUNCTION = YES;
				GCC_WARN_UNUSED_VARIABLE = YES;
				IPHONEOS_DEPLOYMENT_TARGET = 18.2;
				LOCALIZATION_PREFERS_STRING_CATALOGS = YES;
				MTL_ENABLE_DEBUG_INFO = INCLUDE_SOURCE;
				MTL_FAST_MATH = YES;
				ONLY_ACTIVE_ARCH = YES;
				SDKROOT = iphoneos;
				SWIFT_ACTIVE_COMPILATION_CONDITIONS = "DEBUG $(inherited)";
				SWIFT_OPTIMIZATION_LEVEL = "-Onone";
			};
			name = Debug;
		};
		DFBCB86C2D6A7E0D0040620C /* Release */ = {
			isa = XCBuildConfiguration;
			buildSettings = {
				ALWAYS_SEARCH_USER_PATHS = NO;
				ASSETCATALOG_COMPILER_GENERATE_SWIFT_ASSET_SYMBOL_EXTENSIONS = YES;
				CLANG_ANALYZER_NONNULL = YES;
				CLANG_ANALYZER_NUMBER_OBJECT_CONVERSION = YES_AGGRESSIVE;
				CLANG_CXX_LANGUAGE_STANDARD = "gnu++20";
				CLANG_ENABLE_MODULES = YES;
				CLANG_ENABLE_OBJC_ARC = YES;
				CLANG_ENABLE_OBJC_WEAK = YES;
				CLANG_WARN_BLOCK_CAPTURE_AUTORELEASING = YES;
				CLANG_WARN_BOOL_CONVERSION = YES;
				CLANG_WARN_COMMA = YES;
				CLANG_WARN_CONSTANT_CONVERSION = YES;
				CLANG_WARN_DEPRECATED_OBJC_IMPLEMENTATIONS = YES;
				CLANG_WARN_DIRECT_OBJC_ISA_USAGE = YES_ERROR;
				CLANG_WARN_DOCUMENTATION_COMMENTS = YES;
				CLANG_WARN_EMPTY_BODY = YES;
				CLANG_WARN_ENUM_CONVERSION = YES;
				CLANG_WARN_INFINITE_RECURSION = YES;
				CLANG_WARN_INT_CONVERSION = YES;
				CLANG_WARN_NON_LITERAL_NULL_CONVERSION = YES;
				CLANG_WARN_OBJC_IMPLICIT_RETAIN_SELF = YES;
				CLANG_WARN_OBJC_LITERAL_CONVERSION = YES;
				CLANG_WARN_OBJC_ROOT_CLASS = YES_ERROR;
				CLANG_WARN_QUOTED_INCLUDE_IN_FRAMEWORK_HEADER = YES;
				CLANG_WARN_RANGE_LOOP_ANALYSIS = YES;
				CLANG_WARN_STRICT_PROTOTYPES = YES;
				CLANG_WARN_SUSPICIOUS_MOVE = YES;
				CLANG_WARN_UNGUARDED_AVAILABILITY = YES_AGGRESSIVE;
				CLANG_WARN_UNREACHABLE_CODE = YES;
				CLANG_WARN__DUPLICATE_METHOD_MATCH = YES;
				COPY_PHASE_STRIP = NO;
				DEBUG_INFORMATION_FORMAT = "dwarf-with-dsym";
				ENABLE_NS_ASSERTIONS = NO;
				ENABLE_STRICT_OBJC_MSGSEND = YES;
				ENABLE_USER_SCRIPT_SANDBOXING = YES;
				GCC_C_LANGUAGE_STANDARD = gnu17;
				GCC_NO_COMMON_BLOCKS = YES;
				GCC_WARN_64_TO_32_BIT_CONVERSION = YES;
				GCC_WARN_ABOUT_RETURN_TYPE = YES_ERROR;
				GCC_WARN_UNDECLARED_SELECTOR = YES;
				GCC_WARN_UNINITIALIZED_AUTOS = YES_AGGRESSIVE;
				GCC_WARN_UNUSED_FUNCTION = YES;
				GCC_WARN_UNUSED_VARIABLE = YES;
				IPHONEOS_DEPLOYMENT_TARGET = 18.2;
				LOCALIZATION_PREFERS_STRING_CATALOGS = YES;
				MTL_ENABLE_DEBUG_INFO = NO;
				MTL_FAST_MATH = YES;
				SDKROOT = iphoneos;
				SWIFT_COMPILATION_MODE = wholemodule;
				VALIDATE_PRODUCT = YES;
			};
			name = Release;
		};
		DFBCB86E2D6A7E0D0040620C /* Debug */ = {
			isa = XCBuildConfiguration;
			buildSettings = {
				ASSETCATALOG_COMPILER_APPICON_NAME = AppIcon;
				ASSETCATALOG_COMPILER_GLOBAL_ACCENT_COLOR_NAME = AccentColor;
				CODE_SIGN_STYLE = Automatic;
				CURRENT_PROJECT_VERSION = 1;
				DEVELOPMENT_ASSET_PATHS = "\"Wikipedia iProject/Preview Content\"";
				ENABLE_PREVIEWS = YES;
				GENERATE_INFOPLIST_FILE = YES;
				INFOPLIST_KEY_UIApplicationSceneManifest_Generation = YES;
				INFOPLIST_KEY_UIApplicationSupportsIndirectInputEvents = YES;
				INFOPLIST_KEY_UILaunchScreen_Generation = YES;
				INFOPLIST_KEY_UISupportedInterfaceOrientations_iPad = "UIInterfaceOrientationPortrait UIInterfaceOrientationPortraitUpsideDown UIInterfaceOrientationLandscapeLeft UIInterfaceOrientationLandscapeRight";
				INFOPLIST_KEY_UISupportedInterfaceOrientations_iPhone = "UIInterfaceOrientationPortrait UIInterfaceOrientationLandscapeLeft UIInterfaceOrientationLandscapeRight";
				LD_RUNPATH_SEARCH_PATHS = (
					"$(inherited)",
					"@executable_path/Frameworks",
				);
				MARKETING_VERSION = 1.0;
				PRODUCT_BUNDLE_IDENTIFIER = "com.Wikipedia-iProject";
				PRODUCT_NAME = "$(TARGET_NAME)";
				SWIFT_EMIT_LOC_STRINGS = YES;
				SWIFT_VERSION = 5.0;
				TARGETED_DEVICE_FAMILY = "1,2";
			};
			name = Debug;
		};
		DFBCB86F2D6A7E0D0040620C /* Release */ = {
			isa = XCBuildConfiguration;
			buildSettings = {
				ASSETCATALOG_COMPILER_APPICON_NAME = AppIcon;
				ASSETCATALOG_COMPILER_GLOBAL_ACCENT_COLOR_NAME = AccentColor;
				CODE_SIGN_STYLE = Automatic;
				CURRENT_PROJECT_VERSION = 1;
				DEVELOPMENT_ASSET_PATHS = "\"Wikipedia iProject/Preview Content\"";
				ENABLE_PREVIEWS = YES;
				GENERATE_INFOPLIST_FILE = YES;
				INFOPLIST_KEY_UIApplicationSceneManifest_Generation = YES;
				INFOPLIST_KEY_UIApplicationSupportsIndirectInputEvents = YES;
				INFOPLIST_KEY_UILaunchScreen_Generation = YES;
				INFOPLIST_KEY_UISupportedInterfaceOrientations_iPad = "UIInterfaceOrientationPortrait UIInterfaceOrientationPortraitUpsideDown UIInterfaceOrientationLandscapeLeft UIInterfaceOrientationLandscapeRight";
				INFOPLIST_KEY_UISupportedInterfaceOrientations_iPhone = "UIInterfaceOrientationPortrait UIInterfaceOrientationLandscapeLeft UIInterfaceOrientationLandscapeRight";
				LD_RUNPATH_SEARCH_PATHS = (
					"$(inherited)",
					"@executable_path/Frameworks",
				);
				MARKETING_VERSION = 1.0;
				PRODUCT_BUNDLE_IDENTIFIER = "com.Wikipedia-iProject";
				PRODUCT_NAME = "$(TARGET_NAME)";
				SWIFT_EMIT_LOC_STRINGS = YES;
				SWIFT_VERSION = 5.0;
				TARGETED_DEVICE_FAMILY = "1,2";
			};
			name = Release;
		};
		DFBCB8712D6A7E0D0040620C /* Debug */ = {
			isa = XCBuildConfiguration;
			buildSettings = {
				BUNDLE_LOADER = "$(TEST_HOST)";
				CODE_SIGN_STYLE = Automatic;
				CURRENT_PROJECT_VERSION = 1;
				GENERATE_INFOPLIST_FILE = YES;
				IPHONEOS_DEPLOYMENT_TARGET = 18.2;
				MARKETING_VERSION = 1.0;
				PRODUCT_BUNDLE_IDENTIFIER = "com.Wikipedia-iProjectTests";
				PRODUCT_NAME = "$(TARGET_NAME)";
				SWIFT_EMIT_LOC_STRINGS = NO;
				SWIFT_VERSION = 5.0;
				TARGETED_DEVICE_FAMILY = "1,2";
				TEST_HOST = "$(BUILT_PRODUCTS_DIR)/Wikipedia iProject.app/$(BUNDLE_EXECUTABLE_FOLDER_PATH)/Wikipedia iProject";
			};
			name = Debug;
		};
		DFBCB8722D6A7E0D0040620C /* Release */ = {
			isa = XCBuildConfiguration;
			buildSettings = {
				BUNDLE_LOADER = "$(TEST_HOST)";
				CODE_SIGN_STYLE = Automatic;
				CURRENT_PROJECT_VERSION = 1;
				GENERATE_INFOPLIST_FILE = YES;
				IPHONEOS_DEPLOYMENT_TARGET = 18.2;
				MARKETING_VERSION = 1.0;
				PRODUCT_BUNDLE_IDENTIFIER = "com.Wikipedia-iProjectTests";
				PRODUCT_NAME = "$(TARGET_NAME)";
				SWIFT_EMIT_LOC_STRINGS = NO;
				SWIFT_VERSION = 5.0;
				TARGETED_DEVICE_FAMILY = "1,2";
				TEST_HOST = "$(BUILT_PRODUCTS_DIR)/Wikipedia iProject.app/$(BUNDLE_EXECUTABLE_FOLDER_PATH)/Wikipedia iProject";
			};
			name = Release;
		};
		DFBCB8742D6A7E0D0040620C /* Debug */ = {
			isa = XCBuildConfiguration;
			buildSettings = {
				CODE_SIGN_STYLE = Automatic;
				CURRENT_PROJECT_VERSION = 1;
				GENERATE_INFOPLIST_FILE = YES;
				MARKETING_VERSION = 1.0;
				PRODUCT_BUNDLE_IDENTIFIER = "com.Wikipedia-iProjectUITests";
				PRODUCT_NAME = "$(TARGET_NAME)";
				SWIFT_EMIT_LOC_STRINGS = NO;
				SWIFT_VERSION = 5.0;
				TARGETED_DEVICE_FAMILY = "1,2";
				TEST_TARGET_NAME = "Wikipedia iProject";
			};
			name = Debug;
		};
		DFBCB8752D6A7E0D0040620C /* Release */ = {
			isa = XCBuildConfiguration;
			buildSettings = {
				CODE_SIGN_STYLE = Automatic;
				CURRENT_PROJECT_VERSION = 1;
				GENERATE_INFOPLIST_FILE = YES;
				MARKETING_VERSION = 1.0;
				PRODUCT_BUNDLE_IDENTIFIER = "com.Wikipedia-iProjectUITests";
				PRODUCT_NAME = "$(TARGET_NAME)";
				SWIFT_EMIT_LOC_STRINGS = NO;
				SWIFT_VERSION = 5.0;
				TARGETED_DEVICE_FAMILY = "1,2";
				TEST_TARGET_NAME = "Wikipedia iProject";
			};
			name = Release;
		};
/* End XCBuildConfiguration section */

/* Begin XCConfigurationList section */
		DFBCB8422D6A7E0B0040620C /* Build configuration list for PBXProject "Wikipedia iProject" */ = {
			isa = XCConfigurationList;
			buildConfigurations = (
				DFBCB86B2D6A7E0D0040620C /* Debug */,
				DFBCB86C2D6A7E0D0040620C /* Release */,
			);
			defaultConfigurationIsVisible = 0;
			defaultConfigurationName = Release;
		};
		DFBCB86D2D6A7E0D0040620C /* Build configuration list for PBXNativeTarget "Wikipedia iProject" */ = {
			isa = XCConfigurationList;
			buildConfigurations = (
				DFBCB86E2D6A7E0D0040620C /* Debug */,
				DFBCB86F2D6A7E0D0040620C /* Release */,
			);
			defaultConfigurationIsVisible = 0;
			defaultConfigurationName = Release;
		};
		DFBCB8702D6A7E0D0040620C /* Build configuration list for PBXNativeTarget "Wikipedia iProjectTests" */ = {
			isa = XCConfigurationList;
			buildConfigurations = (
				DFBCB8712D6A7E0D0040620C /* Debug */,
				DFBCB8722D6A7E0D0040620C /* Release */,
			);
			defaultConfigurationIsVisible = 0;
			defaultConfigurationName = Release;
		};
		DFBCB8732D6A7E0D0040620C /* Build configuration list for PBXNativeTarget "Wikipedia iProjectUITests" */ = {
			isa = XCConfigurationList;
			buildConfigurations = (
				DFBCB8742D6A7E0D0040620C /* Debug */,
				DFBCB8752D6A7E0D0040620C /* Release */,
			);
			defaultConfigurationIsVisible = 0;
			defaultConfigurationName = Release;
		};
/* End XCConfigurationList section */
	};
	rootObject = DFBCB83F2D6A7E0B0040620C /* Project object */;
}
